
Microsoft Visual Studio Solution File, Format Version 12.00
# Visual Studio Version 16
VisualStudioVersion = 16.0.30717.126
MinimumVisualStudioVersion = 10.0.40219.1
Project("{FAE04EC0-301F-11D3-BF4B-00C04F79EFBC}") = "App1", "App1\App1.csproj", "{EF866197-BE92-4CBD-BF85-A606E127CF89}"
EndProject
Project("{FAE04EC0-301F-11D3-BF4B-00C04F79EFBC}") = "App2", "App2\App2.csproj", "{B1AEDAFE-407E-4BF3-9DCF-D80FCBD4F230}"
EndProject
Project("{FAE04EC0-301F-11D3-BF4B-00C04F79EFBC}") = "App3", "App3\App3.csproj", "{F7A36EB3-5D42-4D0E-BB4C-4EA3B09050AC}"
EndProject
Global
	GlobalSection(SolutionConfigurationPlatforms) = preSolution
		Debug|Any CPU = Debug|Any CPU
		Release|Any CPU = Release|Any CPU
	EndGlobalSection
	GlobalSection(ProjectConfigurationPlatforms) = postSolution
		{EF866197-BE92-4CBD-BF85-A606E127CF89}.Debug|Any CPU.ActiveCfg = Debug|Any CPU
		{EF866197-BE92-4CBD-BF85-A606E127CF89}.Debug|Any CPU.Build.0 = Debug|Any CPU
		{EF866197-BE92-4CBD-BF85-A606E127CF89}.Release|Any CPU.ActiveCfg = Release|Any CPU
		{EF866197-BE92-4CBD-BF85-A606E127CF89}.Release|Any CPU.Build.0 = Release|Any CPU
		{B1AEDAFE-407E-4BF3-9DCF-D80FCBD4F230}.Debug|Any CPU.ActiveCfg = Debug|Any CPU
		{B1AEDAFE-407E-4BF3-9DCF-D80FCBD4F230}.Debug|Any CPU.Build.0 = Debug|Any CPU
		{B1AEDAFE-407E-4BF3-9DCF-D80FCBD4F230}.Release|Any CPU.ActiveCfg = Release|Any CPU
		{B1AEDAFE-407E-4BF3-9DCF-D80FCBD4F230}.Release|Any CPU.Build.0 = Release|Any CPU
		{F7A36EB3-5D42-4D0E-BB4C-4EA3B09050AC}.Debug|Any CPU.ActiveCfg = Debug|Any CPU
		{F7A36EB3-5D42-4D0E-BB4C-4EA3B09050AC}.Debug|Any CPU.Build.0 = Debug|Any CPU
		{F7A36EB3-5D42-4D0E-BB4C-4EA3B09050AC}.Release|Any CPU.ActiveCfg = Release|Any CPU
		{F7A36EB3-5D42-4D0E-BB4C-4EA3B09050AC}.Release|Any CPU.Build.0 = Release|Any CPU
	EndGlobalSection
	GlobalSection(SolutionProperties) = preSolution
		HideSolutionNode = FALSE
	EndGlobalSection
	GlobalSection(ExtensibilityGlobals) = postSolution
		SolutionGuid = {49DAA704-8679-49D7-B8EC-CEED15B5443E}
	EndGlobalSection
EndGlobal
