
Microsoft Visual Studio Solution File, Format Version 12.00
# Visual Studio Version 16
VisualStudioVersion = 16.0.30717.126
MinimumVisualStudioVersion = 10.0.40219.1
Project("{9A19103F-16F7-4668-BE54-9A1E7A4F7556}") = "Task1", "Task1\Task1.csproj", "{D2EA29D0-1F21-4ADB-9557-F219881C55CA}"
EndProject
Project("{9A19103F-16F7-4668-BE54-9A1E7A4F7556}") = "Task2", "Task2\Task2.csproj", "{E9EECADC-EAF1-4842-9D6A-54CD10EEF257}"
EndProject
Project("{9A19103F-16F7-4668-BE54-9A1E7A4F7556}") = "Task3", "Task3\Task3.csproj", "{6443515D-87E5-40C1-A20E-CC71D79557D7}"
EndProject
Project("{9A19103F-16F7-4668-BE54-9A1E7A4F7556}") = "Task4", "Task4\Task4.csproj", "{E6B9015C-6DD4-4774-A256-4C4F1587C7FC}"
EndProject
Project("{9A19103F-16F7-4668-BE54-9A1E7A4F7556}") = "Task5", "Task5\Task5.csproj", "{AA3F319B-0897-49B6-AE93-AB90FBBC2F7D}"
EndProject
Project("{9A19103F-16F7-4668-BE54-9A1E7A4F7556}") = "Task6", "Task6\Task6.csproj", "{96364634-A5E0-421E-9F98-E60E1296CE6A}"
EndProject
Project("{9A19103F-16F7-4668-BE54-9A1E7A4F7556}") = "Task7", "Task7\Task7.csproj", "{C1928CA2-EEBB-4E93-B98B-80B707A2602C}"
EndProject
Project("{9A19103F-16F7-4668-BE54-9A1E7A4F7556}") = "Task8", "Task8\Task8.csproj", "{5A733631-BA10-4E55-A346-7B9EB75D7FD7}"
EndProject
Project("{9A19103F-16F7-4668-BE54-9A1E7A4F7556}") = "Task9", "Task9\Task9.csproj", "{FDBD9100-E5E3-43EF-A06B-9EA40FEB32E9}"
EndProject
Global
	GlobalSection(SolutionConfigurationPlatforms) = preSolution
		Debug|Any CPU = Debug|Any CPU
		Release|Any CPU = Release|Any CPU
	EndGlobalSection
	GlobalSection(ProjectConfigurationPlatforms) = postSolution
		{D2EA29D0-1F21-4ADB-9557-F219881C55CA}.Debug|Any CPU.ActiveCfg = Debug|Any CPU
		{D2EA29D0-1F21-4ADB-9557-F219881C55CA}.Debug|Any CPU.Build.0 = Debug|Any CPU
		{D2EA29D0-1F21-4ADB-9557-F219881C55CA}.Release|Any CPU.ActiveCfg = Release|Any CPU
		{D2EA29D0-1F21-4ADB-9557-F219881C55CA}.Release|Any CPU.Build.0 = Release|Any CPU
		{E9EECADC-EAF1-4842-9D6A-54CD10EEF257}.Debug|Any CPU.ActiveCfg = Debug|Any CPU
		{E9EECADC-EAF1-4842-9D6A-54CD10EEF257}.Debug|Any CPU.Build.0 = Debug|Any CPU
		{E9EECADC-EAF1-4842-9D6A-54CD10EEF257}.Release|Any CPU.ActiveCfg = Release|Any CPU
		{E9EECADC-EAF1-4842-9D6A-54CD10EEF257}.Release|Any CPU.Build.0 = Release|Any CPU
		{6443515D-87E5-40C1-A20E-CC71D79557D7}.Debug|Any CPU.ActiveCfg = Debug|Any CPU
		{6443515D-87E5-40C1-A20E-CC71D79557D7}.Debug|Any CPU.Build.0 = Debug|Any CPU
		{6443515D-87E5-40C1-A20E-CC71D79557D7}.Release|Any CPU.ActiveCfg = Release|Any CPU
		{6443515D-87E5-40C1-A20E-CC71D79557D7}.Release|Any CPU.Build.0 = Release|Any CPU
		{E6B9015C-6DD4-4774-A256-4C4F1587C7FC}.Debug|Any CPU.ActiveCfg = Debug|Any CPU
		{E6B9015C-6DD4-4774-A256-4C4F1587C7FC}.Debug|Any CPU.Build.0 = Debug|Any CPU
		{E6B9015C-6DD4-4774-A256-4C4F1587C7FC}.Release|Any CPU.ActiveCfg = Release|Any CPU
		{E6B9015C-6DD4-4774-A256-4C4F1587C7FC}.Release|Any CPU.Build.0 = Release|Any CPU
		{AA3F319B-0897-49B6-AE93-AB90FBBC2F7D}.Debug|Any CPU.ActiveCfg = Debug|Any CPU
		{AA3F319B-0897-49B6-AE93-AB90FBBC2F7D}.Debug|Any CPU.Build.0 = Debug|Any CPU
		{AA3F319B-0897-49B6-AE93-AB90FBBC2F7D}.Release|Any CPU.ActiveCfg = Release|Any CPU
		{AA3F319B-0897-49B6-AE93-AB90FBBC2F7D}.Release|Any CPU.Build.0 = Release|Any CPU
		{96364634-A5E0-421E-9F98-E60E1296CE6A}.Debug|Any CPU.ActiveCfg = Debug|Any CPU
		{96364634-A5E0-421E-9F98-E60E1296CE6A}.Debug|Any CPU.Build.0 = Debug|Any CPU
		{96364634-A5E0-421E-9F98-E60E1296CE6A}.Release|Any CPU.ActiveCfg = Release|Any CPU
		{96364634-A5E0-421E-9F98-E60E1296CE6A}.Release|Any CPU.Build.0 = Release|Any CPU
		{C1928CA2-EEBB-4E93-B98B-80B707A2602C}.Debug|Any CPU.ActiveCfg = Debug|Any CPU
		{C1928CA2-EEBB-4E93-B98B-80B707A2602C}.Debug|Any CPU.Build.0 = Debug|Any CPU
		{C1928CA2-EEBB-4E93-B98B-80B707A2602C}.Release|Any CPU.ActiveCfg = Release|Any CPU
		{C1928CA2-EEBB-4E93-B98B-80B707A2602C}.Release|Any CPU.Build.0 = Release|Any CPU
		{5A733631-BA10-4E55-A346-7B9EB75D7FD7}.Debug|Any CPU.ActiveCfg = Debug|Any CPU
		{5A733631-BA10-4E55-A346-7B9EB75D7FD7}.Debug|Any CPU.Build.0 = Debug|Any CPU
		{5A733631-BA10-4E55-A346-7B9EB75D7FD7}.Release|Any CPU.ActiveCfg = Release|Any CPU
		{5A733631-BA10-4E55-A346-7B9EB75D7FD7}.Release|Any CPU.Build.0 = Release|Any CPU
		{FDBD9100-E5E3-43EF-A06B-9EA40FEB32E9}.Debug|Any CPU.ActiveCfg = Debug|Any CPU
		{FDBD9100-E5E3-43EF-A06B-9EA40FEB32E9}.Debug|Any CPU.Build.0 = Debug|Any CPU
		{FDBD9100-E5E3-43EF-A06B-9EA40FEB32E9}.Release|Any CPU.ActiveCfg = Release|Any CPU
		{FDBD9100-E5E3-43EF-A06B-9EA40FEB32E9}.Release|Any CPU.Build.0 = Release|Any CPU
	EndGlobalSection
	GlobalSection(SolutionProperties) = preSolution
		HideSolutionNode = FALSE
	EndGlobalSection
	GlobalSection(ExtensibilityGlobals) = postSolution
		SolutionGuid = {5431E9AA-E42C-4F9A-925E-7A658A148672}
	EndGlobalSection
EndGlobal
